{
  "name": "publisher",
  "lockfileVersion": 3,
  "requires": true,
  "packages": {
    "": {
      "dependencies": {
        "iso-signatures": "^0.5.1",
        "iso-ucan": "^0.5.0",
        "ucan-storage": "^1.3.0",
        "ucans": "^0.10.0"
      }
    },
    "node_modules/@adraffy/ens-normalize": {
      "version": "1.11.1",
      "resolved": "https://registry.npmjs.org/@adraffy/ens-normalize/-/ens-normalize-1.11.1.tgz",
      "integrity": "sha512-nhCBV3quEgesuf7c7KYfperqSS14T8bYuvJ8PcLJp6znkZpFc0AuW4qBtr8eKVyPPe/8RSr7sglCWPU5eaxwKQ==",
      "license": "MIT"
    },
    "node_modules/@ipld/dag-cbor": {
      "version": "9.2.7",
      "resolved": "https://registry.npmjs.org/@ipld/dag-cbor/-/dag-cbor-9.2.7.tgz",
      "integrity": "sha512-ZmfXmElRWATr+hoUTSAOr6HUcjVhOcNHDqgczc76qte2DHHFEK0ZhNzUcdTDQhF/VSIvf2ioaRTRLWwLc83sNw==",
      "license": "Apache-2.0 OR MIT",
      "dependencies": {
        "cborg": "^5.0.1",
        "multiformats": "^13.1.0"
      }
    },
    "node_modules/@ipld/dag-cbor/node_modules/multiformats": {
      "version": "13.4.2",
      "resolved": "https://registry.npmjs.org/multiformats/-/multiformats-13.4.2.tgz",
      "integrity": "sha512-eh6eHCrRi1+POZ3dA+Dq1C6jhP1GNtr9CRINMb67OKzqW9I5DUuZM/3jLPlzhgpGeiNUlEGEbkCYChXMCc/8DQ==",
      "license": "Apache-2.0 OR MIT"
    },
    "node_modules/@noble/ciphers": {
      "version": "1.3.0",
      "resolved": "https://registry.npmjs.org/@noble/ciphers/-/ciphers-1.3.0.tgz",
      "integrity": "sha512-2I0gnIVPtfnMw9ee9h1dJG7tp81+8Ob3OJb3Mv37rx5L40/b0i7djjCVvGOVqc9AEIQyvyu1i6ypKdFw8R8gQw==",
      "license": "MIT",
      "engines": {
        "node": "^14.21.3 || >=16"
      },
      "funding": {
        "url": "https://paulmillr.com/funding/"
      }
    },
    "node_modules/@noble/curves": {
      "version": "1.9.1",
      "resolved": "https://registry.npmjs.org/@noble/curves/-/curves-1.9.1.tgz",
      "integrity": "sha512-k11yZxZg+t+gWvBbIswW0yoJlu8cHOC7dhunwOzoWH/mXGBiYyR4YY6hAEK/3EUs4UpB8la1RfdRpeGsFHkWsA==",
      "license": "MIT",
      "dependencies": {
        "@noble/hashes": "1.8.0"
      },
      "engines": {
        "node": "^14.21.3 || >=16"
      },
      "funding": {
        "url": "https://paulmillr.com/funding/"
      }
    },
    "node_modules/@noble/curves/node_modules/@noble/hashes": {
      "version": "1.8.0",
      "resolved": "https://registry.npmjs.org/@noble/hashes/-/hashes-1.8.0.tgz",
      "integrity": "sha512-jCs9ldd7NwzpgXDIf6P3+NrHh9/sD6CQdxHyjQI+h/6rDNo88ypBxxz45UDuZHz9r3tNz7N/VInSVoVdtXEI4A==",
      "license": "MIT",
      "engines": {
        "node": "^14.21.3 || >=16"
      },
      "funding": {
        "url": "https://paulmillr.com/funding/"
      }
    },
    "node_modules/@noble/ed25519": {
      "version": "1.7.5",
      "resolved": "https://registry.npmjs.org/@noble/ed25519/-/ed25519-1.7.5.tgz",
      "integrity": "sha512-xuS0nwRMQBvSxDa7UxMb61xTiH3MxTgUfhyPUALVIe0FlOAz4sjELwyDRyUvqeEYfRSG9qNjFIycqLZppg4RSA==",
      "funding": [
        {
          "type": "individual",
          "url": "https://paulmillr.com/funding/"
        }
      ],
      "license": "MIT"
    },
    "node_modules/@noble/hashes": {
      "version": "2.3.0",
      "resolved": "https://registry.npmjs.org/@noble/hashes/-/hashes-2.3.0.tgz",
      "integrity": "sha512-oN+QwyX7VSHotibwubG3kpzbwKrfnyR6OOO+3Nk/53ADL7FmgHHz4TgrbaYKvvOw09u6QTx0oiH1cNCIOuN0CQ==",
      "license": "MIT",
      "engines": {
        "node": ">= 20.19.0"
      },
      "funding": {
        "url": "https://paulmillr.com/funding/"
      }
    },
    "node_modules/@noble/secp256k1": {
      "version": "3.1.0",
      "resolved": "https://registry.npmjs.org/@noble/secp256k1/-/secp256k1-3.1.0.tgz",
      "integrity": "sha512-+F7iS7tUMaNGXcc9X3PjmjvuQnXEuSjCRNzVVA2xAcKXgCaP0dHYz4SFyt4FKNHef7sOP//xihowcySSS7PK9g==",
      "license": "MIT",
      "funding": {
        "url": "https://paulmillr.com/funding/"
      }
    },
    "node_modules/@scure/base": {
      "version": "1.2.6",
      "resolved": "https://registry.npmjs.org/@scure/base/-/base-1.2.6.tgz",
      "integrity": "sha512-g/nm5FgUa//MCj1gV09zTJTaM6KBAHqLN907YVQqf7zC49+DcO4B1so4ZX07Ef10Twr6nuqYEH9GEggFXA4Fmg==",
      "license": "MIT",
      "funding": {
        "url": "https://paulmillr.com/funding/"
      }
    },
    "node_modules/@scure/bip32": {
      "version": "1.7.0",
      "resolved": "https://registry.npmjs.org/@scure/bip32/-/bip32-1.7.0.tgz",
      "integrity": "sha512-E4FFX/N3f4B80AKWp5dP6ow+flD1LQZo/w8UnLGYZO674jS6YnYeepycOOksv+vLPSpgN35wgKgy+ybfTb2SMw==",
      "license": "MIT",
      "dependencies": {
        "@noble/curves": "~1.9.0",
        "@noble/hashes": "~1.8.0",
        "@scure/base": "~1.2.5"
      },
      "funding": {
        "url": "https://paulmillr.com/funding/"
      }
    },
    "node_modules/@scure/bip32/node_modules/@noble/hashes": {
      "version": "1.8.0",
      "resolved": "https://registry.npmjs.org/@noble/hashes/-/hashes-1.8.0.tgz",
      "integrity": "sha512-jCs9ldd7NwzpgXDIf6P3+NrHh9/sD6CQdxHyjQI+h/6rDNo88ypBxxz45UDuZHz9r3tNz7N/VInSVoVdtXEI4A==",
      "license": "MIT",
      "engines": {
        "node": "^14.21.3 || >=16"
      },
      "funding": {
        "url": "https://paulmillr.com/funding/"
      }
    },
    "node_modules/@scure/bip39": {
      "version": "1.6.0",
      "resolved": "https://registry.npmjs.org/@scure/bip39/-/bip39-1.6.0.tgz",
      "integrity": "sha512-+lF0BbLiJNwVlev4eKelw1WWLaiKXw7sSl8T6FvBlWkdX+94aGJ4o8XjUdlyhTCjd8c+B3KT3JfS8P0bLRNU6A==",
      "license": "MIT",
      "dependencies": {
        "@noble/hashes": "~1.8.0",
        "@scure/base": "~1.2.5"
      },
      "funding": {
        "url": "https://paulmillr.com/funding/"
      }
    },
    "node_modules/@scure/bip39/node_modules/@noble/hashes": {
      "version": "1.8.0",
      "resolved": "https://registry.npmjs.org/@noble/hashes/-/hashes-1.8.0.tgz",
      "integrity": "sha512-jCs9ldd7NwzpgXDIf6P3+NrHh9/sD6CQdxHyjQI+h/6rDNo88ypBxxz45UDuZHz9r3tNz7N/VInSVoVdtXEI4A==",
      "license": "MIT",
      "engines": {
        "node": "^14.21.3 || >=16"
      },
      "funding": {
        "url": "https://paulmillr.com/funding/"
      }
    },
    "node_modules/@stablelib/binary": {
      "version": "1.0.1",
      "resolved": "https://registry.npmjs.org/@stablelib/binary/-/binary-1.0.1.tgz",
      "integrity": "sha512-ClJWvmL6UBM/wjkvv/7m5VP3GMr9t0osr4yVgLZsLCOz4hGN9gIAFEqnJ0TsSMAN+n840nf2cHZnA5/KFqHC7Q==",
      "license": "MIT",
      "dependencies": {
        "@stablelib/int": "^1.0.1"
      }
    },
    "node_modules/@stablelib/ed25519": {
      "version": "1.0.3",
      "resolved": "https://registry.npmjs.org/@stablelib/ed25519/-/ed25519-1.0.3.tgz",
      "integrity": "sha512-puIMWaX9QlRsbhxfDc5i+mNPMY+0TmQEskunY1rZEBPi1acBCVQAhnsk/1Hk50DGPtVsZtAWQg4NHGlVaO9Hqg==",
      "license": "MIT",
      "dependencies": {
        "@stablelib/random": "^1.0.2",
        "@stablelib/sha512": "^1.0.1",
        "@stablelib/wipe": "^1.0.1"
      }
    },
    "node_modules/@stablelib/hash": {
      "version": "1.0.1",
      "resolved": "https://registry.npmjs.org/@stablelib/hash/-/hash-1.0.1.tgz",
      "integrity": "sha512-eTPJc/stDkdtOcrNMZ6mcMK1e6yBbqRBaNW55XA1jU8w/7QdnCF0CmMmOD1m7VSkBR44PWrMHU2l6r8YEQHMgg==",
      "license": "MIT"
    },
    "node_modules/@stablelib/int": {
      "version": "1.0.1",
      "resolved": "https://registry.npmjs.org/@stablelib/int/-/int-1.0.1.tgz",
      "integrity": "sha512-byr69X/sDtDiIjIV6m4roLVWnNNlRGzsvxw+agj8CIEazqWGOQp2dTYgQhtyVXV9wpO6WyXRQUzLV/JRNumT2w==",
      "license": "MIT"
    },
    "node_modules/@stablelib/random": {
      "version": "1.0.2",
      "resolved": "https://registry.npmjs.org/@stablelib/random/-/random-1.0.2.tgz",
      "integrity": "sha512-rIsE83Xpb7clHPVRlBj8qNe5L8ISQOzjghYQm/dZ7VaM2KHYwMW5adjQjrzTZCchFnNCNhkwtnOBa9HTMJCI8w==",
      "license": "MIT",
      "dependencies": {
        "@stablelib/binary": "^1.0.1",
        "@stablelib/wipe": "^1.0.1"
      }
    },
    "node_modules/@stablelib/sha512": {
      "version": "1.0.1",
      "resolved": "https://registry.npmjs.org/@stablelib/sha512/-/sha512-1.0.1.tgz",
      "integrity": "sha512-13gl/iawHV9zvDKciLo1fQ8Bgn2Pvf7OV6amaRVKiq3pjQ3UmEpXxWiAfV8tYjUpeZroBxtyrwtdooQT/i3hzw==",
      "license": "MIT",
      "dependencies": {
        "@stablelib/binary": "^1.0.1",
        "@stablelib/hash": "^1.0.1",
        "@stablelib/wipe": "^1.0.1"
      }
    },
    "node_modules/@stablelib/wipe": {
      "version": "1.0.1",
      "resolved": "https://registry.npmjs.org/@stablelib/wipe/-/wipe-1.0.1.tgz",
      "integrity": "sha512-WfqfX/eXGiAd3RJe4VU2snh/ZPwtSjLG4ynQ/vYzvghTh7dHFcI1wl+nrkWG6lGhukOxOsUHfv8dUXr58D0ayg==",
      "license": "MIT"
    },
    "node_modules/@standard-schema/spec": {
      "version": "1.1.0",
      "resolved": "https://registry.npmjs.org/@standard-schema/spec/-/spec-1.1.0.tgz",
      "integrity": "sha512-l2aFy5jALhniG5HgqrD6jXLi/rUWrKvqN/qJx6yoJsgKhblVd+iqqU4RCXavm/jPityDo5TCvKMnpjKnOriy0w==",
      "license": "MIT"
    },
    "node_modules/@standard-schema/utils": {
      "version": "0.3.0",
      "resolved": "https://registry.npmjs.org/@standard-schema/utils/-/utils-0.3.0.tgz",
      "integrity": "sha512-e7Mew686owMaPJVNNLs55PUvgz371nKgwsc4vxE49zsODpJEnxgxRo2y/OKrqueavXgZNMDVj3DdHFlaSAeU8g==",
      "license": "MIT"
    },
    "node_modules/abitype": {
      "version": "1.3.0",
      "resolved": "https://registry.npmjs.org/abitype/-/abitype-1.3.0.tgz",
      "integrity": "sha512-fk6Te+bojIFrMvMZrnOO+SxCB+RUksTGOzq/60ZRvs1L+BVzvi2bqt9L3W/17ZLdZsyM1FuYf65P5nlmoiH1Bg==",
      "license": "MIT",
      "funding": {
        "url": "https://github.com/sponsors/wevm"
      },
      "peerDependencies": {
        "typescript": ">=5.0.4",
        "zod": "^3.22.0 || ^4.0.0"
      },
      "peerDependenciesMeta": {
        "typescript": {
          "optional": true
        },
        "zod": {
          "optional": true
        }
      }
    },
    "node_modules/abort-error": {
      "version": "1.0.2",
      "resolved": "https://registry.npmjs.org/abort-error/-/abort-error-1.0.2.tgz",
      "integrity": "sha512-lVgvB2NyPLqbXXhVmXcYFTC1x5K7CiVdPgdY7LGgFQWC8506oN01sPN3i9cl9ynuwF4iJ0TS9exnR7cZ9FuX4w==",
      "license": "Apache-2.0 OR MIT"
    },
    "node_modules/ajv": {
      "version": "8.20.0",
      "resolved": "https://registry.npmjs.org/ajv/-/ajv-8.20.0.tgz",
      "integrity": "sha512-Thbli+OlOj+iMPYFBVBfJ3OmCAnaSyNn4M1vz9T6Gka5Jt9ba/HIR56joy65tY6kx/FCF5VXNB819Y7/GUrBGA==",
      "license": "MIT",
      "dependencies": {
        "fast-deep-equal": "^3.1.3",
        "fast-uri": "^3.0.1",
        "json-schema-traverse": "^1.0.0",
        "require-from-string": "^2.0.2"
      },
      "funding": {
        "type": "github",
        "url": "https://github.com/sponsors/epoberezkin"
      }
    },
    "node_modules/ajv-formats": {
      "version": "3.0.1",
      "resolved": "https://registry.npmjs.org/ajv-formats/-/ajv-formats-3.0.1.tgz",
      "integrity": "sha512-8iUql50EUR+uUcdRQ3HDqa6EVyo3docL8g5WJ3FNcWmu62IbkGUue/pEyLBW8VGKKucTPgqeks4fIU1DA4yowQ==",
      "license": "MIT",
      "dependencies": {
        "ajv": "^8.0.0"
      },
      "peerDependencies": {
        "ajv": "^8.0.0"
      },
      "peerDependenciesMeta": {
        "ajv": {
          "optional": true
        }
      }
    },
    "node_modules/atomically": {
      "version": "2.1.1",
      "resolved": "https://registry.npmjs.org/atomically/-/atomically-2.1.1.tgz",
      "integrity": "sha512-P4w9o2dqARji6P7MHprklbfiArZAWvo07yW7qs3pdljb3BWr12FIB7W+p0zJiuiVsUpRO0iZn1kFFcpPegg0tQ==",
      "license": "MIT",
      "dependencies": {
        "stubborn-fs": "^2.0.0",
        "when-exit": "^2.1.4"
      }
    },
    "node_modules/base-x": {
      "version": "4.0.1",
      "resolved": "https://registry.npmjs.org/base-x/-/base-x-4.0.1.tgz",
      "integrity": "sha512-uAZ8x6r6S3aUM9rbHGVOIsR15U/ZSc82b3ymnCPsT45Gk1DDvhDPdIgB5MrhirZWt+5K0EEPQH985kNqZgNPFw==",
      "license": "MIT"
    },
    "node_modules/big-integer": {
      "version": "1.6.52",
      "resolved": "https://registry.npmjs.org/big-integer/-/big-integer-1.6.52.tgz",
      "integrity": "sha512-QxD8cf2eVqJOOz63z6JIN9BzvVs/dlySa5HGSBH5xtR8dPteIRQnBxxKqkNTiT6jbDTF6jAfrd4oMcND9RGbQg==",
      "license": "Unlicense",
      "engines": {
        "node": ">=0.6"
      }
    },
    "node_modules/bigint-mod-arith": {
      "version": "3.3.1",
      "resolved": "https://registry.npmjs.org/bigint-mod-arith/-/bigint-mod-arith-3.3.1.tgz",
      "integrity": "sha512-pX/cYW3dCa87Jrzv6DAr8ivbbJRzEX5yGhdt8IutnX/PCIXfpx+mabWNK/M8qqh+zQ0J3thftUBHW0ByuUlG0w==",
      "license": "MIT",
      "engines": {
        "node": ">=10.4.0"
      }
    },
    "node_modules/cborg": {
      "version": "5.1.11",
      "resolved": "https://registry.npmjs.org/cborg/-/cborg-5.1.11.tgz",
      "integrity": "sha512-oc6Pzg/gkTobxHZNgMmny+G99dOeBMbAmnGHcZWMKtolxZBIVwfi0Pj0khxEtNU8HMFdbT5sK0HmtgecDUPP0A==",
      "license": "Apache-2.0",
      "bin": {
        "cborg": "lib/bin.js"
      }
    },
    "node_modules/conf": {
      "version": "15.1.0",
      "resolved": "https://registry.npmjs.org/conf/-/conf-15.1.0.tgz",
      "integrity": "sha512-Uy5YN9KEu0WWDaZAVJ5FAmZoaJt9rdK6kH+utItPyGsCqCgaTKkrmZx3zoE0/3q6S3bcp3Ihkk+ZqPxWxFK5og==",
      "license": "MIT",
      "dependencies": {
        "ajv": "^8.17.1",
        "ajv-formats": "^3.0.1",
        "atomically": "^2.0.3",
        "debounce-fn": "^6.0.0",
        "dot-prop": "^10.0.0",
        "env-paths": "^3.0.0",
        "json-schema-typed": "^8.0.1",
        "semver": "^7.7.2",
        "uint8array-extras": "^1.5.0"
      },
      "engines": {
        "node": ">=20"
      },
      "funding": {
        "url": "https://github.com/sponsors/sindresorhus"
      }
    },
    "node_modules/debounce-fn": {
      "version": "6.0.0",
      "resolved": "https://registry.npmjs.org/debounce-fn/-/debounce-fn-6.0.0.tgz",
      "integrity": "sha512-rBMW+F2TXryBwB54Q0d8drNEI+TfoS9JpNTAoVpukbWEhjXQq4rySFYLaqXMFXwdv61Zb2OHtj5bviSoimqxRQ==",
      "license": "MIT",
      "dependencies": {
        "mimic-function": "^5.0.0"
      },
      "engines": {
        "node": ">=18"
      },
      "funding": {
        "url": "https://github.com/sponsors/sindresorhus"
      }
    },
    "node_modules/delay": {
      "version": "7.0.0",
      "resolved": "https://registry.npmjs.org/delay/-/delay-7.0.0.tgz",
      "integrity": "sha512-C3vaGs818qzZjCvVJ98GQUMVyWeg7dr5w2Nwwb2t5K8G98jOyyVO2ti2bKYk5yoYElqH3F2yA53ykuEnwD6MCg==",
      "license": "MIT",
      "dependencies": {
        "random-int": "^3.1.0",
        "unlimited-timeout": "^0.1.0"
      },
      "engines": {
        "node": ">=20"
      },
      "funding": {
        "url": "https://github.com/sponsors/sindresorhus"
      }
    },
    "node_modules/did-resolver": {
      "version": "4.1.0",
      "resolved": "https://registry.npmjs.org/did-resolver/-/did-resolver-4.1.0.tgz",
      "integrity": "sha512-S6fWHvCXkZg2IhS4RcVHxwuyVejPR7c+a4Go0xbQ9ps5kILa8viiYQgrM4gfTyeTjJ0ekgJH9gk/BawTpmkbZA==",
      "license": "Apache-2.0"
    },
    "node_modules/dot-prop": {
      "version": "10.2.0",
      "resolved": "https://registry.npmjs.org/dot-prop/-/dot-prop-10.2.0.tgz",
      "integrity": "sha512-BTJ9aZYL3vCfZlZOBLy9v8TUqWGQ0pzFnygKwFZt5udj6viBoFIBviKPUoZLDCPn1FoXffv6McQFDenrm5Krfw==",
      "license": "MIT",
      "dependencies": {
        "type-fest": "^5.0.0"
      },
      "engines": {
        "node": ">=20"
      },
      "funding": {
        "url": "https://github.com/sponsors/sindresorhus"
      }
    },
    "node_modules/env-paths": {
      "version": "3.0.0",
      "resolved": "https://registry.npmjs.org/env-paths/-/env-paths-3.0.0.tgz",
      "integrity": "sha512-dtJUTepzMW3Lm/NPxRf3wP4642UWhjL2sQxc+ym2YMj1m/H2zDNQOlezafzkHwn6sMstjHTwG6iQQsctDW/b1A==",
      "license": "MIT",
      "engines": {
        "node": "^12.20.0 || ^14.13.1 || >=16.0.0"
      },
      "funding": {
        "url": "https://github.com/sponsors/sindresorhus"
      }
    },
    "node_modules/eventemitter3": {
      "version": "5.0.1",
      "resolved": "https://registry.npmjs.org/eventemitter3/-/eventemitter3-5.0.1.tgz",
      "integrity": "sha512-GWkBvjiSZK87ELrYOSESUYeVIc9mvLLf/nXalMOS5dYrgZq9o5OVkbZAVM06CVxYsCwH9BDZFPlQTlPA1j4ahA==",
      "license": "MIT"
    },
    "node_modules/fast-deep-equal": {
      "version": "3.1.3",
      "resolved": "https://registry.npmjs.org/fast-deep-equal/-/fast-deep-equal-3.1.3.tgz",
      "integrity": "sha512-f3qQ9oQy9j2AhBe/H9VC91wLmKBCCU/gDOnKNAYG5hswO7BLKj09Hc5HYNz9cGI++xlpDCIgDaitVs03ATR84Q==",
      "license": "MIT"
    },
    "node_modules/fast-uri": {
      "version": "3.1.6",
      "resolved": "https://registry.npmjs.org/fast-uri/-/fast-uri-3.1.6.tgz",
      "integrity": "sha512-7Ical1vFEMr0onbVzEDIreM22I4khW+fzyQPwvAFWBp1iwdshSZRsL4jjRvPG9JP1uiqMHRto+YU6R2/CzDz5Q==",
      "funding": [
        {
          "type": "github",
          "url": "https://github.com/sponsors/fastify"
        },
        {
          "type": "opencollective",
          "url": "https://opencollective.com/fastify"
        }
      ],
      "license": "BSD-3-Clause"
    },
    "node_modules/idb-keyval": {
      "version": "6.3.0",
      "resolved": "https://registry.npmjs.org/idb-keyval/-/idb-keyval-6.3.0.tgz",
      "integrity": "sha512-um+2dgAWmYsu615EXpWVwSmapJhON0G43t3Ka/EVaohzPQXSMqKEqeDK/oIW3Ow+BXaF2PvSc+oBTFp793A5Ow==",
      "license": "Apache-2.0"
    },
    "node_modules/iobuffer": {
      "version": "6.0.1",
      "resolved": "https://registry.npmjs.org/iobuffer/-/iobuffer-6.0.1.tgz",
      "integrity": "sha512-SZWYkWNfjIXIBYSDpXDYIgshqtbOPsi4lviawAEceR1Kqk+sHDlcQjWrzNQsii80AyBY0q5c8HCTNjqo74ul+Q==",
      "license": "MIT"
    },
    "node_modules/is-empty-iterable": {
      "version": "3.0.0",
      "resolved": "https://registry.npmjs.org/is-empty-iterable/-/is-empty-iterable-3.0.0.tgz",
      "integrity": "sha512-ZXVNGZrRvda9spnGVME3nTYTyDNjCTrmRy3DfDjBaMQ7aftcPsy/vkJoLL47IwcAbgioIfGvjQJWdit8GiggPg==",
      "license": "MIT",
      "engines": {
        "node": ">=12"
      },
      "funding": {
        "url": "https://github.com/sponsors/sindresorhus"
      }
    },
    "node_modules/is-network-error": {
      "version": "1.3.2",
      "resolved": "https://registry.npmjs.org/is-network-error/-/is-network-error-1.3.2.tgz",
      "integrity": "sha512-PhBY86zaxNZUuWP6h13Vu5oFe0XY6/UlKzQnYFELzGVHygP3MxmvTfYSG7GN3aIab/iWudSMgjSnG9Dq+nHrgA==",
      "license": "MIT",
      "engines": {
        "node": ">=16"
      },
      "funding": {
        "url": "https://github.com/sponsors/sindresorhus"
      }
    },
    "node_modules/iso-base": {
      "version": "4.4.0",
      "resolved": "https://registry.npmjs.org/iso-base/-/iso-base-4.4.0.tgz",
      "integrity": "sha512-W4BJbRDBi66wcBFJ23ZlGnFOZ874CIut4y9PlsScMSYu7ckCX+MWNAaEoE0efTSYDoVEn1qy0FDVSjE8q0ieHw==",
      "license": "MIT",
      "dependencies": {
        "bigint-mod-arith": "^3.3.1"
      }
    },
    "node_modules/iso-did": {
      "version": "2.1.1",
      "resolved": "https://registry.npmjs.org/iso-did/-/iso-did-2.1.1.tgz",
      "integrity": "sha512-osHaZWcBY2aSi1InDmjI99O5IAn5BfFXQ3+vI4wNBucPtH+31cxHvDczRp9T+rcoegBAgWcavlMuRgbnJEERzg==",
      "license": "MIT",
      "dependencies": {
        "did-resolver": "^4.1.0",
        "iso-base": "^4.2.1",
        "iso-web": "^1.4.0",
        "multiformats": "^13.4.1",
        "p-race": "^3.1.0"
      }
    },
    "node_modules/iso-did/node_modules/iso-web": {
      "version": "1.4.3",
      "resolved": "https://registry.npmjs.org/iso-web/-/iso-web-1.4.3.tgz",
      "integrity": "sha512-8XWpz+9WqAk1obMwajwv0waMBy7uCFFGDwW2SGI3fbFO/wt+FRxf2o6DvHoadPuV+wquvz+BAq3sX+oOW+fckQ==",
      "license": "MIT",
      "dependencies": {
        "delay": "^7.0.0",
        "iso-kv": "^3.1.1",
        "p-retry": "^7.1.0"
      }
    },
    "node_modules/iso-did/node_modules/multiformats": {
      "version": "13.4.2",
      "resolved": "https://registry.npmjs.org/multiformats/-/multiformats-13.4.2.tgz",
      "integrity": "sha512-eh6eHCrRi1+POZ3dA+Dq1C6jhP1GNtr9CRINMb67OKzqW9I5DUuZM/3jLPlzhgpGeiNUlEGEbkCYChXMCc/8DQ==",
      "license": "Apache-2.0 OR MIT"
    },
    "node_modules/iso-did/node_modules/p-retry": {
      "version": "7.1.1",
      "resolved": "https://registry.npmjs.org/p-retry/-/p-retry-7.1.1.tgz",
      "integrity": "sha512-J5ApzjyRkkf601HpEeykoiCvzHQjWxPAHhyjFcEUP2SWq0+35NKh8TLhpLw+Dkq5TZBFvUM6UigdE9hIVYTl5w==",
      "license": "MIT",
      "dependencies": {
        "is-network-error": "^1.1.0"
      },
      "engines": {
        "node": ">=20"
      },
      "funding": {
        "url": "https://github.com/sponsors/sindresorhus"
      }
    },
    "node_modules/iso-kv": {
      "version": "3.2.0",
      "resolved": "https://registry.npmjs.org/iso-kv/-/iso-kv-3.2.0.tgz",
      "integrity": "sha512-rMVXO7zDEecXOJEiDnbDqjZ7gSe7VqDn2FTkUFWeqkcYMmgMdmB7pDgUaZxiEyiL1+gO7RnbqEI2Ce3xIW4UBQ==",
      "license": "MIT",
      "dependencies": {
        "conf": "^15.1.0",
        "idb-keyval": "^6.2.1",
        "iso-base": "^4.4.0",
        "kysely": "^0.29.2"
      }
    },
    "node_modules/iso-signatures": {
      "version": "0.5.1",
      "resolved": "https://registry.npmjs.org/iso-signatures/-/iso-signatures-0.5.1.tgz",
      "integrity": "sha512-37a9p7sf7L67mGWYYIDU6ixKIfyfNHeKIVj3s8M2mKFGOfIbNQkK/pcoV8o3IZsvJ5e+y97tH32xNgibXo8mKw==",
      "license": "MIT",
      "dependencies": {
        "@noble/ed25519": "^3.0.0",
        "@noble/hashes": "^2.0.0",
        "@noble/secp256k1": "^3.0.0",
        "iso-base": "^4.2.1",
        "iso-did": "^2.1.1",
        "ox": "^0.9.6"
      }
    },
    "node_modules/iso-signatures/node_modules/@noble/ed25519": {
      "version": "3.1.0",
      "resolved": "https://registry.npmjs.org/@noble/ed25519/-/ed25519-3.1.0.tgz",
      "integrity": "sha512-pfcObRY3CtvwfaG9Mt5XqZdKmAQppl37tHUeuBhDUbiwJBCVY4/A4lbMvb1xKhMDx96AqAqZpMWuBX1HulhX4g==",
      "license": "MIT",
      "funding": {
        "url": "https://paulmillr.com/funding/"
      }
    },
    "node_modules/iso-ucan": {
      "version": "0.5.0",
      "resolved": "https://registry.npmjs.org/iso-ucan/-/iso-ucan-0.5.0.tgz",
      "integrity": "sha512-k2FfjtXSOJVxWU90kltOriPf9cmd+Hfmn0IsXTVqTwCi19DGWxbFgbJeiyXnj8dGcPD2dv0JKwKe/amFJ7abqQ==",
      "license": "MIT",
      "dependencies": {
        "@ipld/dag-cbor": "^9.2.5",
        "@standard-schema/spec": "^1.1.0",
        "@standard-schema/utils": "^0.3.0",
        "iobuffer": "^6.0.1",
        "iso-base": "^4.3.1",
        "iso-did": "^2.1.1",
        "iso-kv": "^3.1.1",
        "iso-signatures": "^0.5.1",
        "iso-web": "^2.1.0",
        "it-merge": "^3.0.12",
        "multiformats": "^13.4.1",
        "zod": "^4.3.6"
      }
    },
    "node_modules/iso-ucan/node_modules/multiformats": {
      "version": "13.4.2",
      "resolved": "https://registry.npmjs.org/multiformats/-/multiformats-13.4.2.tgz",
      "integrity": "sha512-eh6eHCrRi1+POZ3dA+Dq1C6jhP1GNtr9CRINMb67OKzqW9I5DUuZM/3jLPlzhgpGeiNUlEGEbkCYChXMCc/8DQ==",
      "license": "Apache-2.0 OR MIT"
    },
    "node_modules/iso-web": {
      "version": "2.3.0",
      "resolved": "https://registry.npmjs.org/iso-web/-/iso-web-2.3.0.tgz",
      "integrity": "sha512-/WH8IwL/2ptX/HzjwnZaA6uJoj4Yar8TTdpPBRBuCU3UbF51X8/xdqf4yApAyPoogs22Rvlozh2wvvgMHbH7vg==",
      "license": "MIT",
      "dependencies": {
        "@standard-schema/spec": "^1.1.0",
        "delay": "^7.0.0",
        "is-network-error": "^1.3.1",
        "iso-kv": "^3.2.0",
        "p-retry": "^8.0.0"
      }
    },
    "node_modules/it-merge": {
      "version": "3.0.15",
      "resolved": "https://registry.npmjs.org/it-merge/-/it-merge-3.0.15.tgz",
      "integrity": "sha512-rUskoyECUdJsUwpfBtiLXddm56J+vukMztq+PpfTss1mRl/aHv1YJs+6Q2XnpvDThFC2y4Xm636X0xh6IecPGg==",
      "license": "Apache-2.0 OR MIT",
      "dependencies": {
        "it-queueless-pushable": "^2.0.0"
      }
    },
    "node_modules/it-queueless-pushable": {
      "version": "2.0.5",
      "resolved": "https://registry.npmjs.org/it-queueless-pushable/-/it-queueless-pushable-2.0.5.tgz",
      "integrity": "sha512-BaKqGLL1AQMR1AEaxiM09vzJQVXHHhfhh9UV0qPqORw/8Rm8igDQqT1qHregfHIb1NIW9jxQ/aXBibHJyuivuQ==",
      "license": "Apache-2.0 OR MIT",
      "dependencies": {
        "abort-error": "^1.0.2",
        "p-defer": "^4.0.1",
        "race-signal": "^2.0.0"
      }
    },
    "node_modules/json-schema-traverse": {
      "version": "1.0.0",
      "resolved": "https://registry.npmjs.org/json-schema-traverse/-/json-schema-traverse-1.0.0.tgz",
      "integrity": "sha512-NM8/P9n3XjXhIZn1lLhkFaACTOURQXjWhV4BA/RnOv8xvgqtqpAX9IO4mRQxSx1Rlo4tqzeqb0sOlruaOy3dug==",
      "license": "MIT"
    },
    "node_modules/json-schema-typed": {
      "version": "8.0.2",
      "resolved": "https://registry.npmjs.org/json-schema-typed/-/json-schema-typed-8.0.2.tgz",
      "integrity": "sha512-fQhoXdcvc3V28x7C7BMs4P5+kNlgUURe2jmUT1T//oBRMDrqy1QPelJimwZGo7Hg9VPV3EQV5Bnq4hbFy2vetA==",
      "license": "BSD-2-Clause"
    },
    "node_modules/kysely": {
      "version": "0.29.5",
      "resolved": "https://registry.npmjs.org/kysely/-/kysely-0.29.5.tgz",
      "integrity": "sha512-ooa+eSbBNPTo3MycPEuW5jdrxQdQwdtB3LC3h43FiXQbIry5tR0C5lDG7eealK0E4D7XjrnOP5DIUg/LyjRMYQ==",
      "license": "MIT",
      "engines": {
        "node": ">=22.0.0"
      }
    },
    "node_modules/mimic-function": {
      "version": "5.0.1",
      "resolved": "https://registry.npmjs.org/mimic-function/-/mimic-function-5.0.1.tgz",
      "integrity": "sha512-VP79XUPxV2CigYP3jWwAUFSku2aKqBH7uTAapFWCBqutsbmDo96KY5o8uh6U+/YSIn5OxJnXp73beVkpqMIGhA==",
      "license": "MIT",
      "engines": {
        "node": ">=18"
      },
      "funding": {
        "url": "https://github.com/sponsors/sindresorhus"
      }
    },
    "node_modules/mri": {
      "version": "1.2.0",
      "resolved": "https://registry.npmjs.org/mri/-/mri-1.2.0.tgz",
      "integrity": "sha512-tzzskb3bG8LvYGFF/mDTpq3jpI6Q9wc3LEmBaghu+DdCssd1FakN7Bc0hVNmEyGq1bq3RgfkCb3cmQLpNPOroA==",
      "license": "MIT",
      "engines": {
        "node": ">=4"
      }
    },
    "node_modules/multiformats": {
      "version": "9.9.0",
      "resolved": "https://registry.npmjs.org/multiformats/-/multiformats-9.9.0.tgz",
      "integrity": "sha512-HoMUjhH9T8DDBNT+6xzkrd9ga/XiBI4xLr58LJACwK6G3HTOPeMz4nB4KJs33L2BelrIJa7P0VuNaVF3hMYfjg==",
      "license": "(Apache-2.0 AND MIT)"
    },
    "node_modules/one-webcrypto": {
      "version": "1.0.3",
      "resolved": "https://registry.npmjs.org/one-webcrypto/-/one-webcrypto-1.0.3.tgz",
      "integrity": "sha512-fu9ywBVBPx0gS9K0etIROTiCkvI5S1TDjFsYFb3rC1ewFxeOqsbzq7aIMBHsYfrTHBcGXJaONXXjTl8B01cW1Q==",
      "license": "MIT"
    },
    "node_modules/ox": {
      "version": "0.9.17",
      "resolved": "https://registry.npmjs.org/ox/-/ox-0.9.17.tgz",
      "integrity": "sha512-rKAnhzhRU3Xh3hiko+i1ZxywZ55eWQzeS/Q4HRKLx2PqfHOolisZHErSsJVipGlmQKHW5qwOED/GighEw9dbLg==",
      "funding": [
        {
          "type": "github",
          "url": "https://github.com/sponsors/wevm"
        }
      ],
      "license": "MIT",
      "dependencies": {
        "@adraffy/ens-normalize": "^1.11.0",
        "@noble/ciphers": "^1.3.0",
        "@noble/curves": "1.9.1",
        "@noble/hashes": "^1.8.0",
        "@scure/bip32": "^1.7.0",
        "@scure/bip39": "^1.6.0",
        "abitype": "^1.0.9",
        "eventemitter3": "5.0.1"
      },
      "peerDependencies": {
        "typescript": ">=5.4.0"
      },
      "peerDependenciesMeta": {
        "typescript": {
          "optional": true
        }
      }
    },
    "node_modules/ox/node_modules/@noble/hashes": {
      "version": "1.8.0",
      "resolved": "https://registry.npmjs.org/@noble/hashes/-/hashes-1.8.0.tgz",
      "integrity": "sha512-jCs9ldd7NwzpgXDIf6P3+NrHh9/sD6CQdxHyjQI+h/6rDNo88ypBxxz45UDuZHz9r3tNz7N/VInSVoVdtXEI4A==",
      "license": "MIT",
      "engines": {
        "node": "^14.21.3 || >=16"
      },
      "funding": {
        "url": "https://paulmillr.com/funding/"
      }
    },
    "node_modules/p-defer": {
      "version": "4.0.1",
      "resolved": "https://registry.npmjs.org/p-defer/-/p-defer-4.0.1.tgz",
      "integrity": "sha512-Mr5KC5efvAK5VUptYEIopP1bakB85k2IWXaRC0rsh1uwn1L6M0LVml8OIQ4Gudg4oyZakf7FmeRLkMMtZW1i5A==",
      "license": "MIT",
      "engines": {
        "node": ">=12"
      },
      "funding": {
        "url": "https://github.com/sponsors/sindresorhus"
      }
    },
    "node_modules/p-race": {
      "version": "3.1.0",
      "resolved": "https://registry.npmjs.org/p-race/-/p-race-3.1.0.tgz",
      "integrity": "sha512-a2CQ6dLggpO6+SOITB2VJclOBtsrG/F2WtfvEiijT+UjkhsVYj4+k+XYYHB6YztWbO5tUeP21N7cpa3nqG5PFQ==",
      "license": "MIT",
      "dependencies": {
        "is-empty-iterable": "^3.0.0"
      },
      "engines": {
        "node": ">=12"
      },
      "funding": {
        "url": "https://github.com/sponsors/sindresorhus"
      }
    },
    "node_modules/p-retry": {
      "version": "8.0.0",
      "resolved": "https://registry.npmjs.org/p-retry/-/p-retry-8.0.0.tgz",
      "integrity": "sha512-kFVqH1HxOHp8LupNsOys7bSV09VYTRLxarH/mokO4Rqhk6wGi70E0jh4VzvVGXfEVNggHoHLAMWsQqHyU1Ey9A==",
      "license": "MIT",
      "dependencies": {
        "is-network-error": "^1.3.0"
      },
      "engines": {
        "node": ">=22"
      },
      "funding": {
        "url": "https://github.com/sponsors/sindresorhus"
      }
    },
    "node_modules/race-signal": {
      "version": "2.0.2",
      "resolved": "https://registry.npmjs.org/race-signal/-/race-signal-2.0.2.tgz",
      "integrity": "sha512-IuNNNY5NLriMFEGl3BVei2xq9NIcpkuAklhPWamhu5tRJrJz0w9sloUMz73YXpmUluE2EZocmJm9rpQqXmCPiA==",
      "license": "Apache-2.0 OR MIT"
    },
    "node_modules/random-int": {
      "version": "3.1.0",
      "resolved": "https://registry.npmjs.org/random-int/-/random-int-3.1.0.tgz",
      "integrity": "sha512-h8CRz8cpvzj0hC/iH/1Gapgcl2TQ6xtnCpyOI5WvWfXf/yrDx2DOU+tD9rX23j36IF11xg1KqB9W11Z18JPMdw==",
      "license": "MIT",
      "engines": {
        "node": ">=12"
      },
      "funding": {
        "url": "https://github.com/sponsors/sindresorhus"
      }
    },
    "node_modules/require-from-string": {
      "version": "2.0.2",
      "resolved": "https://registry.npmjs.org/require-from-string/-/require-from-string-2.0.2.tgz",
      "integrity": "sha512-Xf0nWe6RseziFMu+Ap9biiUbmplq6S9/p+7w7YXP/JBHhrUDDUhwa+vANyubuqfZWTveU//DYVGsDG7RKL/vEw==",
      "license": "MIT",
      "engines": {
        "node": ">=0.10.0"
      }
    },
    "node_modules/sade": {
      "version": "1.8.1",
      "resolved": "https://registry.npmjs.org/sade/-/sade-1.8.1.tgz",
      "integrity": "sha512-xal3CZX1Xlo/k4ApwCFrHVACi9fBqJ7V+mwhBsuf/1IOKbBy098Fex+Wa/5QMubw09pSZ/u8EY8PWgevJsXp1A==",
      "license": "MIT",
      "dependencies": {
        "mri": "^1.1.0"
      },
      "engines": {
        "node": ">=6"
      }
    },
    "node_modules/semver": {
      "version": "7.8.5",
      "resolved": "https://registry.npmjs.org/semver/-/semver-7.8.5.tgz",
      "integrity": "sha512-Y7/KDsb8LjooZpwaqGyulO6DQlksgCncchHGk+sZIY4SBvUocMBEFH5Ur1fI4dV+Jvl0w6cjvucaIi40puRioA==",
      "license": "ISC",
      "bin": {
        "semver": "bin/semver.js"
      },
      "engines": {
        "node": ">=10"
      }
    },
    "node_modules/stubborn-fs": {
      "version": "2.0.0",
      "resolved": "https://registry.npmjs.org/stubborn-fs/-/stubborn-fs-2.0.0.tgz",
      "integrity": "sha512-Y0AvSwDw8y+nlSNFXMm2g6L51rBGdAQT20J3YSOqxC53Lo3bjWRtr2BKcfYoAf352WYpsZSTURrA0tqhfgudPA==",
      "license": "MIT",
      "dependencies": {
        "stubborn-utils": "^1.0.1"
      }
    },
    "node_modules/stubborn-utils": {
      "version": "1.0.2",
      "resolved": "https://registry.npmjs.org/stubborn-utils/-/stubborn-utils-1.0.2.tgz",
      "integrity": "sha512-zOh9jPYI+xrNOyisSelgym4tolKTJCQd5GBhK0+0xJvcYDcwlOoxF/rnFKQ2KRZknXSG9jWAp66fwP6AxN9STg==",
      "license": "MIT"
    },
    "node_modules/tagged-tag": {
      "version": "1.0.0",
      "resolved": "https://registry.npmjs.org/tagged-tag/-/tagged-tag-1.0.0.tgz",
      "integrity": "sha512-yEFYrVhod+hdNyx7g5Bnkkb0G6si8HJurOoOEgC8B/O0uXLHlaey/65KRv6cuWBNhBgHKAROVpc7QyYqE5gFng==",
      "license": "MIT",
      "engines": {
        "node": ">=20"
      },
      "funding": {
        "url": "https://github.com/sponsors/sindresorhus"
      }
    },
    "node_modules/type-fest": {
      "version": "5.8.0",
      "resolved": "https://registry.npmjs.org/type-fest/-/type-fest-5.8.0.tgz",
      "integrity": "sha512-YGYEVz3Fm5iy/AybuA0oyNFq7H4CgQNfRp/qfe8nurE1kuCeNm3/vfm9X4Mtl+qLyaKJUh5xrFZwogr41SMjYA==",
      "license": "(MIT OR CC0-1.0)",
      "dependencies": {
        "tagged-tag": "^1.0.0"
      },
      "engines": {
        "node": ">=20"
      },
      "funding": {
        "url": "https://github.com/sponsors/sindresorhus"
      }
    },
    "node_modules/ucan-storage": {
      "version": "1.3.0",
      "resolved": "https://registry.npmjs.org/ucan-storage/-/ucan-storage-1.3.0.tgz",
      "integrity": "sha512-C1PvShqWTg6JzcBAuWDeCsaL6AggwsGWqbvKZ8XdN9csAukQVnA5/kerddhdPrpeoCGnJFfSkvBcPklZzdJ+OQ==",
      "license": "MIT",
      "dependencies": {
        "@noble/ed25519": "^1.5.2",
        "base-x": "^4.0.0",
        "sade": "^1.8.1"
      },
      "bin": {
        "ucan-storage": "src/cli.js"
      },
      "engines": {
        "node": ">= 14.0.0"
      }
    },
    "node_modules/ucans": {
      "version": "0.10.0",
      "resolved": "https://registry.npmjs.org/ucans/-/ucans-0.10.0.tgz",
      "integrity": "sha512-DISXhlgjFR900NTdoEEkuBlDUHFKiLVnFlFx7WUVTpPXCbxFlkBa3Kviz+s1hclQAcv5dP3d1l9WFLiYx80ppQ==",
      "deprecated": "Please use @ucans/ucans instead.",
      "license": "Apache-2.0",
      "dependencies": {
        "@stablelib/ed25519": "^1.0.2",
        "big-integer": "^1.6.51",
        "one-webcrypto": "^1.0.3",
        "uint8arrays": "^3.0.0"
      },
      "engines": {
        "node": ">=15"
      }
    },
    "node_modules/uint8array-extras": {
      "version": "1.5.0",
      "resolved": "https://registry.npmjs.org/uint8array-extras/-/uint8array-extras-1.5.0.tgz",
      "integrity": "sha512-rvKSBiC5zqCCiDZ9kAOszZcDvdAHwwIKJG33Ykj43OKcWsnmcBRL09YTU4nOeHZ8Y2a7l1MgTd08SBe9A8Qj6A==",
      "license": "MIT",
      "engines": {
        "node": ">=18"
      },
      "funding": {
        "url": "https://github.com/sponsors/sindresorhus"
      }
    },
    "node_modules/uint8arrays": {
      "version": "3.1.1",
      "resolved": "https://registry.npmjs.org/uint8arrays/-/uint8arrays-3.1.1.tgz",
      "integrity": "sha512-+QJa8QRnbdXVpHYjLoTpJIdCTiw9Ir62nocClWuXIq2JIh4Uta0cQsTSpFL678p2CN8B+XSApwcU+pQEqVpKWg==",
      "license": "MIT",
      "dependencies": {
        "multiformats": "^9.4.2"
      }
    },
    "node_modules/unlimited-timeout": {
      "version": "0.1.0",
      "resolved": "https://registry.npmjs.org/unlimited-timeout/-/unlimited-timeout-0.1.0.tgz",
      "integrity": "sha512-D4g+mxFeQGQHzCfnvij+R35ukJ0658Zzudw7j16p4tBBbNasKkKM4SocYxqhwT5xA7a9JYWDzKkEFyMlRi5sng==",
      "license": "MIT",
      "engines": {
        "node": ">=20"
      },
      "funding": {
        "url": "https://github.com/sponsors/sindresorhus"
      }
    },
    "node_modules/when-exit": {
      "version": "2.1.5",
      "resolved": "https://registry.npmjs.org/when-exit/-/when-exit-2.1.5.tgz",
      "integrity": "sha512-VGkKJ564kzt6Ms1dbgPP/yuIoQCrsFAnRbptpC5wOEsDaNsbCB2bnfnaA8i/vRs5tjUSEOtIuvl9/MyVsvQZCg==",
      "license": "MIT"
    },
    "node_modules/zod": {
      "version": "4.4.3",
      "resolved": "https://registry.npmjs.org/zod/-/zod-4.4.3.tgz",
      "integrity": "sha512-ytENFjIJFl2UwYglde2jchW2Hwm4GJFLDiSXWdTrJQBIN9Fcyp7n4DhxJEiWNAJMV1/BqWfW/kkg71UDcHJyTQ==",
      "license": "MIT",
      "funding": {
        "url": "https://github.com/sponsors/colinhacks"
      }
    }
  }
}
